
Microsoft Visual Studio Solution File, Format Version 12.00
# Visual Studio 15
VisualStudioVersion = 15.0.28307.1321
MinimumVisualStudioVersion = 10.0.40219.1
Project("{8BC9CEB8-8B4A-11D0-8D11-00A0C91BC942}") = "fileTransferServer", "fileTransferServer\fileTransferServer.vcxproj", "{FE397CF4-0F9C-4FC4-B707-4B58DEBF8D94}"
EndProject
Global
	GlobalSection(SolutionConfigurationPlatforms) = preSolution
		Debug|ARM = Debug|ARM
		Debug|ARM64 = Debug|ARM64
		Debug|x64 = Debug|x64
		Debug|x86 = Debug|x86
		Release|ARM = Release|ARM
		Release|ARM64 = Release|ARM64
		Release|x64 = Release|x64
		Release|x86 = Release|x86
	EndGlobalSection
	GlobalSection(ProjectConfigurationPlatforms) = postSolution
		{FE397CF4-0F9C-4FC4-B707-4B58DEBF8D94}.Debug|ARM.ActiveCfg = Debug|ARM
		{FE397CF4-0F9C-4FC4-B707-4B58DEBF8D94}.Debug|ARM.Build.0 = Debug|ARM
		{FE397CF4-0F9C-4FC4-B707-4B58DEBF8D94}.Debug|ARM64.ActiveCfg = Debug|ARM64
		{FE397CF4-0F9C-4FC4-B707-4B58DEBF8D94}.Debug|ARM64.Build.0 = Debug|ARM64
		{FE397CF4-0F9C-4FC4-B707-4B58DEBF8D94}.Debug|x64.ActiveCfg = Debug|x64
		{FE397CF4-0F9C-4FC4-B707-4B58DEBF8D94}.Debug|x64.Build.0 = Debug|x64
		{FE397CF4-0F9C-4FC4-B707-4B58DEBF8D94}.Debug|x86.ActiveCfg = Debug|x86
		{FE397CF4-0F9C-4FC4-B707-4B58DEBF8D94}.Debug|x86.Build.0 = Debug|x86
		{FE397CF4-0F9C-4FC4-B707-4B58DEBF8D94}.Release|ARM.ActiveCfg = Release|ARM
		{FE397CF4-0F9C-4FC4-B707-4B58DEBF8D94}.Release|ARM.Build.0 = Release|ARM
		{FE397CF4-0F9C-4FC4-B707-4B58DEBF8D94}.Release|ARM64.ActiveCfg = Release|ARM64
		{FE397CF4-0F9C-4FC4-B707-4B58DEBF8D94}.Release|ARM64.Build.0 = Release|ARM64
		{FE397CF4-0F9C-4FC4-B707-4B58DEBF8D94}.Release|x64.ActiveCfg = Release|x64
		{FE397CF4-0F9C-4FC4-B707-4B58DEBF8D94}.Release|x64.Build.0 = Release|x64
		{FE397CF4-0F9C-4FC4-B707-4B58DEBF8D94}.Release|x86.ActiveCfg = Release|x86
		{FE397CF4-0F9C-4FC4-B707-4B58DEBF8D94}.Release|x86.Build.0 = Release|x86
	EndGlobalSection
	GlobalSection(SolutionProperties) = preSolution
		HideSolutionNode = FALSE
	EndGlobalSection
	GlobalSection(ExtensibilityGlobals) = postSolution
		SolutionGuid = {36BC333C-2835-44C9-9B7F-2B12D8D135E3}
	EndGlobalSection
EndGlobal
